// !$*UTF8*$!
{
	archiveVersion = 1;
	classes = {
	};
	objectVersion = 46;
	objects = {

/* Begin PBXBuildFile section */
		CC04DF871803F22A0044AA66 /* UIKit.framework in Frameworks */ = {isa = PBXBuildFile; fileRef = CC04DF861803F22A0044AA66 /* UIKit.framework */; };
		CC04DF891803F22A0044AA66 /* Foundation.framework in Frameworks */ = {isa = PBXBuildFile; fileRef = CC04DF881803F22A0044AA66 /* Foundation.framework */; };
		CC04DF8B1803F22A0044AA66 /* CoreGraphics.framework in Frameworks */ = {isa = PBXBuildFile; fileRef = CC04DF8A1803F22A0044AA66 /* CoreGraphics.framework */; };
		CC04DF911803F22A0044AA66 /* InfoPlist.strings in Resources */ = {isa = PBXBuildFile; fileRef = CC04DF8F1803F22A0044AA66 /* InfoPlist.strings */; };
		CC04DF931803F22A0044AA66 /* main.m in Sources */ = {isa = PBXBuildFile; fileRef = CC04DF921803F22A0044AA66 /* main.m */; };
		CC04DF971803F22A0044AA66 /* AppDelegate.m in Sources */ = {isa = PBXBuildFile; fileRef = CC04DF961803F22A0044AA66 /* AppDelegate.m */; };
		CC04DF991803F22A0044AA66 /* Default.png in Resources */ = {isa = PBXBuildFile; fileRef = CC04DF981803F22A0044AA66 /* Default.png */; };
		CC04DF9B1803F22A0044AA66 /* Default@2x.png in Resources */ = {isa = PBXBuildFile; fileRef = CC04DF9A1803F22A0044AA66 /* Default@2x.png */; };
		CC04DF9D1803F22B0044AA66 /* Default-568h@2x.png in Resources */ = {isa = PBXBuildFile; fileRef = CC04DF9C1803F22B0044AA66 /* Default-568h@2x.png */; };
		CC04DFA81803F2B30044AA66 /* RootViewController.m in Sources */ = {isa = PBXBuildFile; fileRef = CC04DFA71803F2B30044AA66 /* RootViewController.m */; };
		CC04DFB01803F4FF0044AA66 /* SVWebViewController.bundle in Resources */ = {isa = PBXBuildFile; fileRef = CC04DFAD1803F4FF0044AA66 /* SVWebViewController.bundle */; };
		CC04DFB11803F4FF0044AA66 /* SVWebViewController.m in Sources */ = {isa = PBXBuildFile; fileRef = CC04DFAF1803F4FF0044AA66 /* SVWebViewController.m */; };
		CC04DFB41803F5470044AA66 /* SVModalWebViewController.m in Sources */ = {isa = PBXBuildFile; fileRef = CC04DFB31803F5470044AA66 /* SVModalWebViewController.m */; };
		CC04DFB61803F5C10044AA66 /* MessageUI.framework in Frameworks */ = {isa = PBXBuildFile; fileRef = CC04DFB51803F5C10044AA66 /* MessageUI.framework */; };
/* End PBXBuildFile section */

/* Begin PBXFileReference section */
		CC04DF831803F22A0044AA66 /* HTML5app.app */ = {isa = PBXFileReference; explicitFileType = wrapper.application; includeInIndex = 0; path = HTML5app.app; sourceTree = BUILT_PRODUCTS_DIR; };
		CC04DF861803F22A0044AA66 /* UIKit.framework */ = {isa = PBXFileReference; lastKnownFileType = wrapper.framework; name = UIKit.framework; path = System/Library/Frameworks/UIKit.framework; sourceTree = SDKROOT; };
		CC04DF881803F22A0044AA66 /* Foundation.framework */ = {isa = PBXFileReference; lastKnownFileType = wrapper.framework; name = Foundation.framework; path = System/Library/Frameworks/Foundation.framework; sourceTree = SDKROOT; };
		CC04DF8A1803F22A0044AA66 /* CoreGraphics.framework */ = {isa = PBXFileReference; lastKnownFileType = wrapper.framework; name = CoreGraphics.framework; path = System/Library/Frameworks/CoreGraphics.framework; sourceTree = SDKROOT; };
		CC04DF8E1803F22A0044AA66 /* HTML5app-Info.plist */ = {isa = PBXFileReference; lastKnownFileType = text.plist.xml; path = "HTML5app-Info.plist"; sourceTree = "<group>"; };
		CC04DF901803F22A0044AA66 /* en */ = {isa = PBXFileReference; lastKnownFileType = text.plist.strings; name = en; path = en.lproj/InfoPlist.strings; sourceTree = "<group>"; };
		CC04DF921803F22A0044AA66 /* main.m */ = {isa = PBXFileReference; lastKnownFileType = sourcecode.c.objc; path = main.m; sourceTree = "<group>"; };
		CC04DF941803F22A0044AA66 /* HTML5app-Prefix.pch */ = {isa = PBXFileReference; lastKnownFileType = sourcecode.c.h; path = "HTML5app-Prefix.pch"; sourceTree = "<group>"; };
		CC04DF951803F22A0044AA66 /* AppDelegate.h */ = {isa = PBXFileReference; lastKnownFileType = sourcecode.c.h; path = AppDelegate.h; sourceTree = "<group>"; };
		CC04DF961803F22A0044AA66 /* AppDelegate.m */ = {isa = PBXFileReference; lastKnownFileType = sourcecode.c.objc; path = AppDelegate.m; sourceTree = "<group>"; };
		CC04DF981803F22A0044AA66 /* Default.png */ = {isa = PBXFileReference; lastKnownFileType = image.png; path = Default.png; sourceTree = "<group>"; };
		CC04DF9A1803F22A0044AA66 /* Default@2x.png */ = {isa = PBXFileReference; lastKnownFileType = image.png; path = "Default@2x.png"; sourceTree = "<group>"; };
		CC04DF9C1803F22B0044AA66 /* Default-568h@2x.png */ = {isa = PBXFileReference; lastKnownFileType = image.png; path = "Default-568h@2x.png"; sourceTree = "<group>"; };
		CC04DFA61803F2B30044AA66 /* RootViewController.h */ = {isa = PBXFileReference; fileEncoding = 4; lastKnownFileType = sourcecode.c.h; path = RootViewController.h; sourceTree = "<group>"; };
		CC04DFA71803F2B30044AA66 /* RootViewController.m */ = {isa = PBXFileReference; fileEncoding = 4; lastKnownFileType = sourcecode.c.objc; path = RootViewController.m; sourceTree = "<group>"; };
		CC04DFAD1803F4FF0044AA66 /* SVWebViewController.bundle */ = {isa = PBXFileReference; lastKnownFileType = "wrapper.plug-in"; path = SVWebViewController.bundle; sourceTree = "<group>"; };
		CC04DFAE1803F4FF0044AA66 /* SVWebViewController.h */ = {isa = PBXFileReference; fileEncoding = 4; lastKnownFileType = sourcecode.c.h; path = SVWebViewController.h; sourceTree = "<group>"; };
		CC04DFAF1803F4FF0044AA66 /* SVWebViewController.m */ = {isa = PBXFileReference; fileEncoding = 4; lastKnownFileType = sourcecode.c.objc; path = SVWebViewController.m; sourceTree = "<group>"; };
		CC04DFB21803F5470044AA66 /* SVModalWebViewController.h */ = {isa = PBXFileReference; fileEncoding = 4; lastKnownFileType = sourcecode.c.h; path = SVModalWebViewController.h; sourceTree = "<group>"; };
		CC04DFB31803F5470044AA66 /* SVModalWebViewController.m */ = {isa = PBXFileReference; fileEncoding = 4; lastKnownFileType = sourcecode.c.objc; path = SVModalWebViewController.m; sourceTree = "<group>"; };
		CC04DFB51803F5C10044AA66 /* MessageUI.framework */ = {isa = PBXFileReference; lastKnownFileType = wrapper.framework; name = MessageUI.framework; path = System/Library/Frameworks/MessageUI.framework; sourceTree = SDKROOT; };
/* End PBXFileReference section */

/* Begin PBXFrameworksBuildPhase section */
		CC04DF801803F22A0044AA66 /* Frameworks */ = {
			isa = PBXFrameworksBuildPhase;
			buildActionMask = 2147483647;
			files = (
				CC04DFB61803F5C10044AA66 /* MessageUI.framework in Frameworks */,
				CC04DF871803F22A0044AA66 /* UIKit.framework in Frameworks */,
				CC04DF891803F22A0044AA66 /* Foundation.framework in Frameworks */,
				CC04DF8B1803F22A0044AA66 /* CoreGraphics.framework in Frameworks */,
			);
			runOnlyForDeploymentPostprocessing = 0;
		};
/* End PBXFrameworksBuildPhase section */

/* Begin PBXGroup section */
		CC04DF7A1803F22A0044AA66 = {
			isa = PBXGroup;
			children = (
				CC04DF8C1803F22A0044AA66 /* HTML5app */,
				CC04DF851803F22A0044AA66 /* Frameworks */,
				CC04DF841803F22A0044AA66 /* Products */,
			);
			sourceTree = "<group>";
		};
		CC04DF841803F22A0044AA66 /* Products */ = {
			isa = PBXGroup;
			children = (
				CC04DF831803F22A0044AA66 /* HTML5app.app */,
			);
			name = Products;
			sourceTree = "<group>";
		};
		CC04DF851803F22A0044AA66 /* Frameworks */ = {
			isa = PBXGroup;
			children = (
				CC04DFB51803F5C10044AA66 /* MessageUI.framework */,
				CC04DF861803F22A0044AA66 /* UIKit.framework */,
				CC04DF881803F22A0044AA66 /* Foundation.framework */,
				CC04DF8A1803F22A0044AA66 /* CoreGraphics.framework */,
			);
			name = Frameworks;
			sourceTree = "<group>";
		};
		CC04DF8C1803F22A0044AA66 /* HTML5app */ = {
			isa = PBXGroup;
			children = (
				CC04DF951803F22A0044AA66 /* AppDelegate.h */,
				CC04DF961803F22A0044AA66 /* AppDelegate.m */,
				CC04DFA61803F2B30044AA66 /* RootViewController.h */,
				CC04DFA71803F2B30044AA66 /* RootViewController.m */,
				CC04DFAC1803F4E90044AA66 /* html5Page */,
				CC04DF8D1803F22A0044AA66 /* Supporting Files */,
			);
			path = HTML5app;
			sourceTree = "<group>";
		};
		CC04DF8D1803F22A0044AA66 /* Supporting Files */ = {
			isa = PBXGroup;
			children = (
				CC04DF8E1803F22A0044AA66 /* HTML5app-Info.plist */,
				CC04DF8F1803F22A0044AA66 /* InfoPlist.strings */,
				CC04DF921803F22A0044AA66 /* main.m */,
				CC04DF941803F22A0044AA66 /* HTML5app-Prefix.pch */,
				CC04DF981803F22A0044AA66 /* Default.png */,
				CC04DF9A1803F22A0044AA66 /* Default@2x.png */,
				CC04DF9C1803F22B0044AA66 /* Default-568h@2x.png */,
			);
			name = "Supporting Files";
			sourceTree = "<group>";
		};
		CC04DFAC1803F4E90044AA66 /* html5Page */ = {
			isa = PBXGroup;
			children = (
				CC04DFAD1803F4FF0044AA66 /* SVWebViewController.bundle */,
				CC04DFAE1803F4FF0044AA66 /* SVWebViewController.h */,
				CC04DFAF1803F4FF0044AA66 /* SVWebViewController.m */,
				CC04DFB21803F5470044AA66 /* SVModalWebViewController.h */,
				CC04DFB31803F5470044AA66 /* SVModalWebViewController.m */,
			);
			name = html5Page;
			sourceTree = "<group>";
		};
/* End PBXGroup section */

/* Begin PBXNativeTarget section */
		CC04DF821803F22A0044AA66 /* HTML5app */ = {
			isa = PBXNativeTarget;
			buildConfigurationList = CC04DFA01803F22B0044AA66 /* Build configuration list for PBXNativeTarget "HTML5app" */;
			buildPhases = (
				CC04DF7F1803F22A0044AA66 /* Sources */,
				CC04DF801803F22A0044AA66 /* Frameworks */,
				CC04DF811803F22A0044AA66 /* Resources */,
			);
			buildRules = (
			);
			dependencies = (
			);
			name = HTML5app;
			productName = HTML5app;
			productReference = CC04DF831803F22A0044AA66 /* HTML5app.app */;
			productType = "com.apple.product-type.application";
		};
/* End PBXNativeTarget section */

/* Begin PBXProject section */
		CC04DF7B1803F22A0044AA66 /* Project object */ = {
			isa = PBXProject;
			attributes = {
				LastUpgradeCheck = 0460;
				ORGANIZATIONNAME = cocoajin;
			};
			buildConfigurationList = CC04DF7E1803F22A0044AA66 /* Build configuration list for PBXProject "HTML5app" */;
			compatibilityVersion = "Xcode 3.2";
			developmentRegion = English;
			hasScannedForEncodings = 0;
			knownRegions = (
				en,
			);
			mainGroup = CC04DF7A1803F22A0044AA66;
			productRefGroup = CC04DF841803F22A0044AA66 /* Products */;
			projectDirPath = "";
			projectRoot = "";
			targets = (
				CC04DF821803F22A0044AA66 /* HTML5app */,
			);
		};
/* End PBXProject section */

/* Begin PBXResourcesBuildPhase section */
		CC04DF811803F22A0044AA66 /* Resources */ = {
			isa = PBXResourcesBuildPhase;
			buildActionMask = 2147483647;
			files = (
				CC04DF911803F22A0044AA66 /* InfoPlist.strings in Resources */,
				CC04DF991803F22A0044AA66 /* Default.png in Resources */,
				CC04DF9B1803F22A0044AA66 /* Default@2x.png in Resources */,
				CC04DF9D1803F22B0044AA66 /* Default-568h@2x.png in Resources */,
				CC04DFB01803F4FF0044AA66 /* SVWebViewController.bundle in Resources */,
			);
			runOnlyForDeploymentPostprocessing = 0;
		};
/* End PBXResourcesBuildPhase section */

/* Begin PBXSourcesBuildPhase section */
		CC04DF7F1803F22A0044AA66 /* Sources */ = {
			isa = PBXSourcesBuildPhase;
			buildActionMask = 2147483647;
			files = (
				CC04DF931803F22A0044AA66 /* main.m in Sources */,
				CC04DF971803F22A0044AA66 /* AppDelegate.m in Sources */,
				CC04DFA81803F2B30044AA66 /* RootViewController.m in Sources */,
				CC04DFB11803F4FF0044AA66 /* SVWebViewController.m in Sources */,
				CC04DFB41803F5470044AA66 /* SVModalWebViewController.m in Sources */,
			);
			runOnlyForDeploymentPostprocessing = 0;
		};
/* End PBXSourcesBuildPhase section */

/* Begin PBXVariantGroup section */
		CC04DF8F1803F22A0044AA66 /* InfoPlist.strings */ = {
			isa = PBXVariantGroup;
			children = (
				CC04DF901803F22A0044AA66 /* en */,
			);
			name = InfoPlist.strings;
			sourceTree = "<group>";
		};
/* End PBXVariantGroup section */

/* Begin XCBuildConfiguration section */
		CC04DF9E1803F22B0044AA66 /* Debug */ = {
			isa = XCBuildConfiguration;
			buildSettings = {
				ALWAYS_SEARCH_USER_PATHS = NO;
				CLANG_CXX_LANGUAGE_STANDARD = "gnu++0x";
				CLANG_CXX_LIBRARY = "libc++";
				CLANG_ENABLE_OBJC_ARC = YES;
				CLANG_WARN_CONSTANT_CONVERSION = YES;
				CLANG_WARN_EMPTY_BODY = YES;
				CLANG_WARN_ENUM_CONVERSION = YES;
				CLANG_WARN_INT_CONVERSION = YES;
				CLANG_WARN__DUPLICATE_METHOD_MATCH = YES;
				"CODE_SIGN_IDENTITY[sdk=iphoneos*]" = "iPhone Developer";
				COPY_PHASE_STRIP = NO;
				GCC_C_LANGUAGE_STANDARD = gnu99;
				GCC_DYNAMIC_NO_PIC = NO;
				GCC_OPTIMIZATION_LEVEL = 0;
				GCC_PREPROCESSOR_DEFINITIONS = (
					"DEBUG=1",
					"$(inherited)",
				);
				GCC_SYMBOLS_PRIVATE_EXTERN = NO;
				GCC_WARN_ABOUT_RETURN_TYPE = YES;
				GCC_WARN_UNINITIALIZED_AUTOS = YES;
				GCC_WARN_UNUSED_VARIABLE = YES;
				IPHONEOS_DEPLOYMENT_TARGET = 6.1;
				ONLY_ACTIVE_ARCH = YES;
				SDKROOT = iphoneos;
			};
			name = Debug;
		};
		CC04DF9F1803F22B0044AA66 /* Release */ = {
			isa = XCBuildConfiguration;
			buildSettings = {
				ALWAYS_SEARCH_USER_PATHS = NO;
				CLANG_CXX_LANGUAGE_STANDARD = "gnu++0x";
				CLANG_CXX_LIBRARY = "libc++";
				CLANG_ENABLE_OBJC_ARC = YES;
				CLANG_WARN_CONSTANT_CONVERSION = YES;
				CLANG_WARN_EMPTY_BODY = YES;
				CLANG_WARN_ENUM_CONVERSION = YES;
				CLANG_WARN_INT_CONVERSION = YES;
				CLANG_WARN__DUPLICATE_METHOD_MATCH = YES;
				"CODE_SIGN_IDENTITY[sdk=iphoneos*]" = "iPhone Developer";
				COPY_PHASE_STRIP = YES;
				GCC_C_LANGUAGE_STANDARD = gnu99;
				GCC_WARN_ABOUT_RETURN_TYPE = YES;
				GCC_WARN_UNINITIALIZED_AUTOS = YES;
				GCC_WARN_UNUSED_VARIABLE = YES;
				IPHONEOS_DEPLOYMENT_TARGET = 6.1;
				OTHER_CFLAGS = "-DNS_BLOCK_ASSERTIONS=1";
				SDKROOT = iphoneos;
				VALIDATE_PRODUCT = YES;
			};
			name = Release;
		};
		CC04DFA11803F22B0044AA66 /* Debug */ = {
			isa = XCBuildConfiguration;
			buildSettings = {
				GCC_PRECOMPILE_PREFIX_HEADER = YES;
				GCC_PREFIX_HEADER = "HTML5app/HTML5app-Prefix.pch";
				INFOPLIST_FILE = "HTML5app/HTML5app-Info.plist";
				IPHONEOS_DEPLOYMENT_TARGET = 5.0;
				PRODUCT_NAME = "$(TARGET_NAME)";
				WRAPPER_EXTENSION = app;
			};
			name = Debug;
		};
		CC04DFA21803F22B0044AA66 /* Release */ = {
			isa = XCBuildConfiguration;
			buildSettings = {
				GCC_PRECOMPILE_PREFIX_HEADER = YES;
				GCC_PREFIX_HEADER = "HTML5app/HTML5app-Prefix.pch";
				INFOPLIST_FILE = "HTML5app/HTML5app-Info.plist";
				IPHONEOS_DEPLOYMENT_TARGET = 5.0;
				PRODUCT_NAME = "$(TARGET_NAME)";
				WRAPPER_EXTENSION = app;
			};
			name = Release;
		};
/* End XCBuildConfiguration section */

/* Begin XCConfigurationList section */
		CC04DF7E1803F22A0044AA66 /* Build configuration list for PBXProject "HTML5app" */ = {
			isa = XCConfigurationList;
			buildConfigurations = (
				CC04DF9E1803F22B0044AA66 /* Debug */,
				CC04DF9F1803F22B0044AA66 /* Release */,
			);
			defaultConfigurationIsVisible = 0;
			defaultConfigurationName = Release;
		};
		CC04DFA01803F22B0044AA66 /* Build configuration list for PBXNativeTarget "HTML5app" */ = {
			isa = XCConfigurationList;
			buildConfigurations = (
				CC04DFA11803F22B0044AA66 /* Debug */,
				CC04DFA21803F22B0044AA66 /* Release */,
			);
			defaultConfigurationIsVisible = 0;
		};
/* End XCConfigurationList section */
	};
	rootObject = CC04DF7B1803F22A0044AA66 /* Project object */;
}
